
Microsoft Visual Studio Solution File, Format Version 12.00
# Visual Studio Version 16
VisualStudioVersion = 16.0.30804.86
MinimumVisualStudioVersion = 10.0.40219.1
Project("{FAE04EC0-301F-11D3-BF4B-00C04F79EFBC}") = "ingredient-api", "ingredient-api.csproj", "{D0D7A1D4-5FF1-4EBE-A9C6-608725878920}"
EndProject
Global
	GlobalSection(SolutionConfigurationPlatforms) = preSolution
		Debug|Any CPU = Debug|Any CPU
		Release|Any CPU = Release|Any CPU
	EndGlobalSection
	GlobalSection(ProjectConfigurationPlatforms) = postSolution
		{D0D7A1D4-5FF1-4EBE-A9C6-608725878920}.Debug|Any CPU.ActiveCfg = Debug|Any CPU
		{D0D7A1D4-5FF1-4EBE-A9C6-608725878920}.Debug|Any CPU.Build.0 = Debug|Any CPU
		{D0D7A1D4-5FF1-4EBE-A9C6-608725878920}.Release|Any CPU.ActiveCfg = Release|Any CPU
		{D0D7A1D4-5FF1-4EBE-A9C6-608725878920}.Release|Any CPU.Build.0 = Release|Any CPU
	EndGlobalSection
	GlobalSection(SolutionProperties) = preSolution
		HideSolutionNode = FALSE
	EndGlobalSection
	GlobalSection(ExtensibilityGlobals) = postSolution
		SolutionGuid = {A695076D-7DF0-4A1B-B336-1F5D42A353EC}
	EndGlobalSection
EndGlobal
