
Microsoft Visual Studio Solution File, Format Version 12.00
# Visual Studio Version 16
VisualStudioVersion = 16.0.30804.86
MinimumVisualStudioVersion = 10.0.40219.1
Project("{9A19103F-16F7-4668-BE54-9A1E7A4F7556}") = "InventoryApi", "InventoryApi\InventoryApi.csproj", "{D5649E8C-2E89-4A32-B090-72342C28251A}"
EndProject
Project("{9A19103F-16F7-4668-BE54-9A1E7A4F7556}") = "InventoryApi.Test", "InventoryApi.Test\InventoryApi.Test.csproj", "{484D1520-A066-4B2C-91EB-1C0DE65DB8EC}"
EndProject
Global
	GlobalSection(SolutionConfigurationPlatforms) = preSolution
		Debug|Any CPU = Debug|Any CPU
		Release|Any CPU = Release|Any CPU
	EndGlobalSection
	GlobalSection(ProjectConfigurationPlatforms) = postSolution
		{D5649E8C-2E89-4A32-B090-72342C28251A}.Debug|Any CPU.ActiveCfg = Debug|Any CPU
		{D5649E8C-2E89-4A32-B090-72342C28251A}.Debug|Any CPU.Build.0 = Debug|Any CPU
		{D5649E8C-2E89-4A32-B090-72342C28251A}.Release|Any CPU.ActiveCfg = Release|Any CPU
		{D5649E8C-2E89-4A32-B090-72342C28251A}.Release|Any CPU.Build.0 = Release|Any CPU
		{484D1520-A066-4B2C-91EB-1C0DE65DB8EC}.Debug|Any CPU.ActiveCfg = Debug|Any CPU
		{484D1520-A066-4B2C-91EB-1C0DE65DB8EC}.Debug|Any CPU.Build.0 = Debug|Any CPU
		{484D1520-A066-4B2C-91EB-1C0DE65DB8EC}.Release|Any CPU.ActiveCfg = Release|Any CPU
		{484D1520-A066-4B2C-91EB-1C0DE65DB8EC}.Release|Any CPU.Build.0 = Release|Any CPU
	EndGlobalSection
	GlobalSection(SolutionProperties) = preSolution
		HideSolutionNode = FALSE
	EndGlobalSection
	GlobalSection(ExtensibilityGlobals) = postSolution
		SolutionGuid = {0D503ED6-D494-4AF5-A8DD-8231B189DDC1}
	EndGlobalSection
EndGlobal
